
Microsoft Visual Studio Solution File, Format Version 12.00
# Visual Studio Version 17
VisualStudioVersion = 17.3.32505.426
MinimumVisualStudioVersion = 10.0.40219.1
Project("{9A19103F-16F7-4668-BE54-9A1E7A4F7556}") = "MyDigitalDiaryWeb", "MyDigitalDiaryWeb.csproj", "{FDD1D64E-36DE-41AB-A4A4-6F326CFB74FD}"
EndProject
Global
	GlobalSection(SolutionConfigurationPlatforms) = preSolution
		Debug|Any CPU = Debug|Any CPU
		Release|Any CPU = Release|Any CPU
	EndGlobalSection
	GlobalSection(ProjectConfigurationPlatforms) = postSolution
		{FDD1D64E-36DE-41AB-A4A4-6F326CFB74FD}.Debug|Any CPU.ActiveCfg = Debug|Any CPU
		{FDD1D64E-36DE-41AB-A4A4-6F326CFB74FD}.Debug|Any CPU.Build.0 = Debug|Any CPU
		{FDD1D64E-36DE-41AB-A4A4-6F326CFB74FD}.Release|Any CPU.ActiveCfg = Release|Any CPU
		{FDD1D64E-36DE-41AB-A4A4-6F326CFB74FD}.Release|Any CPU.Build.0 = Release|Any CPU
	EndGlobalSection
	GlobalSection(SolutionProperties) = preSolution
		HideSolutionNode = FALSE
	EndGlobalSection
	GlobalSection(ExtensibilityGlobals) = postSolution
		SolutionGuid = {C54FABD9-9D48-4FC7-88E6-5E4BC80D534E}
	EndGlobalSection
EndGlobal
